
Microsoft Visual Studio Solution File, Format Version 12.00
# Visual Studio 15
VisualStudioVersion = 15.0.28010.2036
MinimumVisualStudioVersion = 10.0.40219.1
Project("{FAE04EC0-301F-11D3-BF4B-00C04F79EFBC}") = "Pente", "Pente\Pente.csproj", "{EECC3AA0-7177-4BC8-98FF-FFA1465A2EC0}"
EndProject
Global
	GlobalSection(SolutionConfigurationPlatforms) = preSolution
		Debug|Any CPU = Debug|Any CPU
		Release|Any CPU = Release|Any CPU
	EndGlobalSection
	GlobalSection(ProjectConfigurationPlatforms) = postSolution
		{EECC3AA0-7177-4BC8-98FF-FFA1465A2EC0}.Debug|Any CPU.ActiveCfg = Debug|Any CPU
		{EECC3AA0-7177-4BC8-98FF-FFA1465A2EC0}.Debug|Any CPU.Build.0 = Debug|Any CPU
		{EECC3AA0-7177-4BC8-98FF-FFA1465A2EC0}.Release|Any CPU.ActiveCfg = Release|Any CPU
		{EECC3AA0-7177-4BC8-98FF-FFA1465A2EC0}.Release|Any CPU.Build.0 = Release|Any CPU
	EndGlobalSection
	GlobalSection(SolutionProperties) = preSolution
		HideSolutionNode = FALSE
	EndGlobalSection
	GlobalSection(ExtensibilityGlobals) = postSolution
		SolutionGuid = {2B88801B-4B2A-48A9-ABAF-D2D3B113258B}
	EndGlobalSection
EndGlobal
